{
  "requires": true,
  "lockfileVersion": 1,
  "dependencies": {
    "typewriter-vue": {
      "version": "0.5.17",
      "resolved": "https://registry.npmjs.org/typewriter-vue/-/typewriter-vue-0.5.17.tgz",
      "integrity": "sha512-BzzCAOSKONzFwJZSiVX6vln1MkKKio93CzNG2DnvIKyFamdoPcrOzWetVMWXXLhe9/q+/ZVH5mWXOhSn7QMDDA=="
    }
  }
}
