{
  "name": "chatbot",
  "version": "1.0.0",
  "lockfileVersion": 1,
  "requires": true,
  "dependencies": {
    "@microsoft/recognizers-text": {
      "version": "1.3.0",
      "resolved": "https://registry.npmjs.org/@microsoft/recognizers-text/-/recognizers-text-1.3.0.tgz",
      "integrity": "sha512-0gUhtS/0qSF6veB3Olu55IuJ0Skwg4u1IbJX9KFj1QeK8z6cw69/p637IPD2NgXLlXCy2HEqLvUW/mgbDp3rWg=="
    },
    "@microsoft/recognizers-text-choice": {
      "version": "1.3.0",
      "resolved": "https://registry.npmjs.org/@microsoft/recognizers-text-choice/-/recognizers-text-choice-1.3.0.tgz",
      "integrity": "sha512-I2LQAJJ9TJthJYWZNzooJD6+5KUkr+H+m54XpjY+vKjR81DPVFUL/SWZVyv+cC7eePFwrDv3gUnkXYS+Lp0hmA==",
      "requires": {
        "@microsoft/recognizers-text": "~1.3.0",
        "grapheme-splitter": "^1.0.2"
      }
    },
    "@microsoft/recognizers-text-data-types-timex-expression": {
      "version": "1.3.0",
      "resolved": "https://registry.npmjs.org/@microsoft/recognizers-text-data-types-timex-expression/-/recognizers-text-data-types-timex-expression-1.3.0.tgz",
      "integrity": "sha512-REHUXmMUI1jL3b9v+aSdzKxLxRdejsfg9McYRxY3LW0Gu4UbwD7Q+K6mtSo40cwg8uh6fiV9GY8hDuKXHH6dVA=="
    },
    "@microsoft/recognizers-text-date-time": {
      "version": "1.3.0",
      "resolved": "https://registry.npmjs.org/@microsoft/recognizers-text-date-time/-/recognizers-text-date-time-1.3.0.tgz",
      "integrity": "sha512-bgw4TS726maTg53M6SQRHQOzOH0za0zmBWnnGo0wQdbDfK+bgq5aeDSD4k/HhXvfkOD6zzRd3+tG3Dqyp/kFaQ==",
      "requires": {
        "@microsoft/recognizers-text": "~1.3.0",
        "@microsoft/recognizers-text-number": "~1.3.0",
        "@microsoft/recognizers-text-number-with-unit": "~1.3.0",
        "lodash.isequal": "^4.5.0",
        "lodash.tonumber": "^4.0.3"
      }
    },
    "@microsoft/recognizers-text-number": {
      "version": "1.3.0",
      "resolved": "https://registry.npmjs.org/@microsoft/recognizers-text-number/-/recognizers-text-number-1.3.0.tgz",
      "integrity": "sha512-KVFxvaXW9E7UkuF0EYCghvCn0u+N5L7bBXeP4IKB6fXkQd6GAZ9zNA2Acdm9lJzCRxcsBYFbRLcRMrPHwAa32w==",
      "requires": {
        "@microsoft/recognizers-text": "~1.3.0",
        "bignumber.js": "^7.2.1",
        "lodash.escaperegexp": "^4.1.2",
        "lodash.sortby": "^4.7.0",
        "lodash.trimend": "^4.5.1"
      }
    },
    "@microsoft/recognizers-text-number-with-unit": {
      "version": "1.3.0",
      "resolved": "https://registry.npmjs.org/@microsoft/recognizers-text-number-with-unit/-/recognizers-text-number-with-unit-1.3.0.tgz",
      "integrity": "sha512-FxBD1ZQLvr4c+ssVyqUjblg+i21GbzIsDEHd5VWon5wg+2qrqixlmP1mXsXG+iGRV3qqeZCtTFdqkwJ3MWhovA==",
      "requires": {
        "@microsoft/recognizers-text": "~1.3.0",
        "@microsoft/recognizers-text-number": "~1.3.0",
        "lodash.escaperegexp": "^4.1.2",
        "lodash.last": "^3.0.0",
        "lodash.max": "^4.0.1"
      }
    },
    "@microsoft/recognizers-text-sequence": {
      "version": "1.3.0",
      "resolved": "https://registry.npmjs.org/@microsoft/recognizers-text-sequence/-/recognizers-text-sequence-1.3.0.tgz",
      "integrity": "sha512-LXZ9AakClrdPVfEphCJFETjw6n8w/LwW1Yoj9ZKcGI9PGvH6RR+haS4GSZuHeMhEacmaa3NkzD+I44qYIvym8Q==",
      "requires": {
        "@microsoft/recognizers-text": "~1.3.0",
        "grapheme-splitter": "^1.0.2"
      }
    },
    "@microsoft/recognizers-text-suite": {
      "version": "1.3.0",
      "resolved": "https://registry.npmjs.org/@microsoft/recognizers-text-suite/-/recognizers-text-suite-1.3.0.tgz",
      "integrity": "sha512-uqG4vzy5N2CmBaeINny0bLdnGp0jDbT1moNoLC+Yim3G8kHOU9lpDfwA6VN6HTYaDM5854SNMEzLjJdS1TPFTw==",
      "requires": {
        "@microsoft/recognizers-text": "~1.3.0",
        "@microsoft/recognizers-text-choice": "~1.3.0",
        "@microsoft/recognizers-text-data-types-timex-expression": "~1.3.0",
        "@microsoft/recognizers-text-date-time": "~1.3.0",
        "@microsoft/recognizers-text-number": "~1.3.0",
        "@microsoft/recognizers-text-number-with-unit": "~1.3.0",
        "@microsoft/recognizers-text-sequence": "~1.3.0"
      }
    },
    "@nlpjs/builtin-duckling": {
      "version": "4.22.7",
      "resolved": "https://registry.npmjs.org/@nlpjs/builtin-duckling/-/builtin-duckling-4.22.7.tgz",
      "integrity": "sha512-d9ve1xTS0ujPn8Dl+RfObr1NIli9+du5+hiAjk6BIxfi+wiK/fuWCRLKfDASCb6oaQkdAVyUnR1BKSRsucOhzA==",
      "requires": {
        "@nlpjs/core": "^4.22.7"
      }
    },
    "@nlpjs/builtin-microsoft": {
      "version": "4.22.7",
      "resolved": "https://registry.npmjs.org/@nlpjs/builtin-microsoft/-/builtin-microsoft-4.22.7.tgz",
      "integrity": "sha512-mVptB1z5m1K2snRmluEaPMrsCgN1DIeXS3VRasp8r15druDL8/pYT7SxeFFEOG+lhT6kyvWv1qlFxMhyTca6mg==",
      "requires": {
        "@microsoft/recognizers-text-suite": "1.3.0",
        "@nlpjs/core": "^4.22.7"
      }
    },
    "@nlpjs/core": {
      "version": "4.22.7",
      "resolved": "https://registry.npmjs.org/@nlpjs/core/-/core-4.22.7.tgz",
      "integrity": "sha512-E8IaPSn4BG4UUrdKxTbJK1Qa4kqmou743IUFv1ZHWCZRWAlSYlq/QTApYwTsuWgA//XV49o2wBfyDMXT1Hoxdg=="
    },
    "@nlpjs/core-loader": {
      "version": "4.22.7",
      "resolved": "https://registry.npmjs.org/@nlpjs/core-loader/-/core-loader-4.22.7.tgz",
      "integrity": "sha512-ngQdWPTEwVKoOetuLXOgwpfSzBnhjY5Q8h1Zrb6jDarfH7GBqsd9/+sMxYPFviKg6ulYTIoyfzCVemuNLn301Q==",
      "requires": {
        "@nlpjs/core": "^4.22.7",
        "@nlpjs/request": "^4.22.7"
      }
    },
    "@nlpjs/emoji": {
      "version": "4.22.7",
      "resolved": "https://registry.npmjs.org/@nlpjs/emoji/-/emoji-4.22.7.tgz",
      "integrity": "sha512-NIzIcjGM4TeJ50EtDYEsjoV2Npoo99xVZH9iIdhcZIHF2sll6Nwxpo5+R1LoEgXJ+l/wQPhXRzLbibccNtu+4w==",
      "requires": {
        "@nlpjs/core": "^4.22.7"
      }
    },
    "@nlpjs/evaluator": {
      "version": "4.22.7",
      "resolved": "https://registry.npmjs.org/@nlpjs/evaluator/-/evaluator-4.22.7.tgz",
      "integrity": "sha512-gujkMpCfdjuqn14gJklHe8NBqSIGGcNNg2BA/Ag50BT+VRsTCBeEib57Cf/SgG/JjTTBERaAQ3SxvxghLmMDpA==",
      "requires": {
        "escodegen": "^2.0.0",
        "esprima": "^4.0.1"
      }
    },
    "@nlpjs/lang-all": {
      "version": "4.22.12",
      "resolved": "https://registry.npmjs.org/@nlpjs/lang-all/-/lang-all-4.22.12.tgz",
      "integrity": "sha512-Zz1ODC82I92p7EYkEYXFDYkIm52Z25bjbwO0RPTC02upHQ4pxkWx50WVI6d5sH1Ak61lyotuBWdOed+bJy8T0w==",
      "requires": {
        "@nlpjs/core": "^4.22.7",
        "@nlpjs/lang-ar": "^4.22.7",
        "@nlpjs/lang-bn": "^4.22.7",
        "@nlpjs/lang-ca": "^4.22.7",
        "@nlpjs/lang-cs": "^4.22.7",
        "@nlpjs/lang-da": "^4.22.7",
        "@nlpjs/lang-de": "^4.22.7",
        "@nlpjs/lang-el": "^4.22.7",
        "@nlpjs/lang-en": "^4.22.7",
        "@nlpjs/lang-es": "^4.22.7",
        "@nlpjs/lang-eu": "^4.22.7",
        "@nlpjs/lang-fa": "^4.22.7",
        "@nlpjs/lang-fi": "^4.22.7",
        "@nlpjs/lang-fr": "^4.22.7",
        "@nlpjs/lang-ga": "^4.22.7",
        "@nlpjs/lang-gl": "^4.22.7",
        "@nlpjs/lang-hi": "^4.22.7",
        "@nlpjs/lang-hu": "^4.22.7",
        "@nlpjs/lang-hy": "^4.22.7",
        "@nlpjs/lang-id": "^4.22.7",
        "@nlpjs/lang-it": "^4.22.7",
        "@nlpjs/lang-ja": "^4.22.12",
        "@nlpjs/lang-ko": "^4.22.7",
        "@nlpjs/lang-lt": "^4.22.7",
        "@nlpjs/lang-ms": "^4.22.7",
        "@nlpjs/lang-ne": "^4.22.7",
        "@nlpjs/lang-nl": "^4.22.7",
        "@nlpjs/lang-no": "^4.22.7",
        "@nlpjs/lang-pl": "^4.22.7",
        "@nlpjs/lang-pt": "^4.22.7",
        "@nlpjs/lang-ro": "^4.22.7",
        "@nlpjs/lang-ru": "^4.22.7",
        "@nlpjs/lang-sl": "^4.22.7",
        "@nlpjs/lang-sr": "^4.22.7",
        "@nlpjs/lang-sv": "^4.22.7",
        "@nlpjs/lang-ta": "^4.22.7",
        "@nlpjs/lang-th": "^4.22.7",
        "@nlpjs/lang-tl": "^4.22.7",
        "@nlpjs/lang-tr": "^4.22.7",
        "@nlpjs/lang-uk": "^4.22.7",
        "@nlpjs/lang-zh": "^4.22.7",
        "@nlpjs/language": "^4.22.7"
      }
    },
    "@nlpjs/lang-ar": {
      "version": "4.22.7",
      "resolved": "https://registry.npmjs.org/@nlpjs/lang-ar/-/lang-ar-4.22.7.tgz",
      "integrity": "sha512-qJpWRH0w/nIjEvpVLRUdbDX/MsZRUOTwdBWMy8iqAKU2Ft5aF6vvIa/4Ne4tJD7sv6N64a1g4MUlpz9eC9quIA==",
      "requires": {
        "@nlpjs/core": "^4.22.7"
      }
    },
    "@nlpjs/lang-bn": {
      "version": "4.22.7",
      "resolved": "https://registry.npmjs.org/@nlpjs/lang-bn/-/lang-bn-4.22.7.tgz",
      "integrity": "sha512-ytyVE26PYVtIfumzo5g02vZtdyY8ekwDS58ilh6QNSWpnLlwOEQl4zR3wcrBymVWEmtk641E1rB12buZpA51Ew==",
      "requires": {
        "@nlpjs/core": "^4.22.7"
      }
    },
    "@nlpjs/lang-ca": {
      "version": "4.22.7",
      "resolved": "https://registry.npmjs.org/@nlpjs/lang-ca/-/lang-ca-4.22.7.tgz",
      "integrity": "sha512-qkbJwPMk91emjSaf4bUlWSijLZIqu1on0tyic9UWftNYcEqiIUTp+q3a9oxyztJw27Oz/1y6Rv3r7595WpIFqQ==",
      "requires": {
        "@nlpjs/core": "^4.22.7"
      }
    },
    "@nlpjs/lang-cs": {
      "version": "4.22.7",
      "resolved": "https://registry.npmjs.org/@nlpjs/lang-cs/-/lang-cs-4.22.7.tgz",
      "integrity": "sha512-pMfGMvDy+ZZSGU4IRyrWctfbYN+pXEiLg4WQkAKRxD1FAW/XuLvOtf3dRO9bYlK0QKM7lS2lE4bCoWELF8VKTw==",
      "requires": {
        "@nlpjs/core": "^4.22.7"
      }
    },
    "@nlpjs/lang-da": {
      "version": "4.22.7",
      "resolved": "https://registry.npmjs.org/@nlpjs/lang-da/-/lang-da-4.22.7.tgz",
      "integrity": "sha512-nMI1dKu8yGysAkqyS1OJu9NwRBIIRW6rmyk6LNDkE7gWgKLeH3IxA6v0Q0x3VY97H1AI2W2zO+h7jfpZvP+uLw==",
      "requires": {
        "@nlpjs/core": "^4.22.7"
      }
    },
    "@nlpjs/lang-de": {
      "version": "4.22.7",
      "resolved": "https://registry.npmjs.org/@nlpjs/lang-de/-/lang-de-4.22.7.tgz",
      "integrity": "sha512-jXPA+Ny45I/x6uNakAey/j3Yr8GuZp1H8M6/EwX554QLEiwsdxcRn7S/2DyEa/H+IiAEzQHLS9s6R/wIzXJdLQ==",
      "requires": {
        "@nlpjs/core": "^4.22.7"
      }
    },
    "@nlpjs/lang-el": {
      "version": "4.22.7",
      "resolved": "https://registry.npmjs.org/@nlpjs/lang-el/-/lang-el-4.22.7.tgz",
      "integrity": "sha512-16qIVshmAcFbs9A9mrXFZu26qym5/GoTE+sf6auQt0RmyyfEdVUMWlta9vug9OTzhGdx1bm9qTIPIPLPlMJ08g==",
      "requires": {
        "@nlpjs/core": "^4.22.7"
      }
    },
    "@nlpjs/lang-en": {
      "version": "4.22.7",
      "resolved": "https://registry.npmjs.org/@nlpjs/lang-en/-/lang-en-4.22.7.tgz",
      "integrity": "sha512-hyFDZZ6nTebzZHaZCFK+lhj4Bv85CQS+P0Qx/E7WiT5TRXE6g2PxBfqr6fjkAN/tG+YExZMRUOVbkcOhZhbOJg==",
      "requires": {
        "@nlpjs/core": "^4.22.7",
        "@nlpjs/lang-en-min": "^4.22.7"
      }
    },
    "@nlpjs/lang-en-min": {
      "version": "4.22.7",
      "resolved": "https://registry.npmjs.org/@nlpjs/lang-en-min/-/lang-en-min-4.22.7.tgz",
      "integrity": "sha512-IOdEiWqZ9alPr+k916/znvLliG/Y8pzxoc2lLvFDzXATIzrmUG2unlHQ9vEXta1rxzDTYOYk57XcFo16GITS3g==",
      "requires": {
        "@nlpjs/core": "^4.22.7"
      }
    },
    "@nlpjs/lang-es": {
      "version": "4.22.7",
      "resolved": "https://registry.npmjs.org/@nlpjs/lang-es/-/lang-es-4.22.7.tgz",
      "integrity": "sha512-KEenYiU2iaVXlRH1IS9eQkGktRaN7xHRFHOL0CBHTm6Xw9E+SUyVTs1UnGQ6COf3CDcgrU/xZofmGQEpmxoixg==",
      "requires": {
        "@nlpjs/core": "^4.22.7"
      }
    },
    "@nlpjs/lang-eu": {
      "version": "4.22.7",
      "resolved": "https://registry.npmjs.org/@nlpjs/lang-eu/-/lang-eu-4.22.7.tgz",
      "integrity": "sha512-75vBPeP/JVNMyUMYzTPyGDlDzDgKDjIwfSBE8FriSOdim/E8XdSpk/G71z3V9gtPFdTL6ys/NVvg21ZgJw4ddA==",
      "requires": {
        "@nlpjs/core": "^4.22.7"
      }
    },
    "@nlpjs/lang-fa": {
      "version": "4.22.7",
      "resolved": "https://registry.npmjs.org/@nlpjs/lang-fa/-/lang-fa-4.22.7.tgz",
      "integrity": "sha512-d56RvIUCfYvKRxkmOwRFzpEjjJ/ETWWHE5oYgiXp2SdJap6BfF/3iWWtvjU2e/zcFWbxLzJcIHaTdvAWQemUlg==",
      "requires": {
        "@nlpjs/core": "^4.22.7"
      }
    },
    "@nlpjs/lang-fi": {
      "version": "4.22.7",
      "resolved": "https://registry.npmjs.org/@nlpjs/lang-fi/-/lang-fi-4.22.7.tgz",
      "integrity": "sha512-LEhRlvnIcs6cyxm+o3NoANfkDlSLhxkdFyg87MIBMD95AUnD0Xz8UytRybpJiG021zw9tyRMGGcqMZKcFO5Cyg==",
      "requires": {
        "@nlpjs/core": "^4.22.7"
      }
    },
    "@nlpjs/lang-fr": {
      "version": "4.22.7",
      "resolved": "https://registry.npmjs.org/@nlpjs/lang-fr/-/lang-fr-4.22.7.tgz",
      "integrity": "sha512-dJ8evvANYP5lt2dq/tz4OZwcoOqPLs6llrlxEEb3qTH1Zl0v80+TR82+eeriwbm/414+vvWAl9Xg2K8FtmnbAg==",
      "requires": {
        "@nlpjs/core": "^4.22.7"
      }
    },
    "@nlpjs/lang-ga": {
      "version": "4.22.7",
      "resolved": "https://registry.npmjs.org/@nlpjs/lang-ga/-/lang-ga-4.22.7.tgz",
      "integrity": "sha512-yFSLmhuHVBadfuVjewpDyKCPHY2z0llansA49wD6dqbA+pGkd3La43mThcvJ7TFZrGs7lN8+MdTdeYX0Q8Dzcw==",
      "requires": {
        "@nlpjs/core": "^4.22.7"
      }
    },
    "@nlpjs/lang-gl": {
      "version": "4.22.7",
      "resolved": "https://registry.npmjs.org/@nlpjs/lang-gl/-/lang-gl-4.22.7.tgz",
      "integrity": "sha512-30LR+/JZop3QDdHAq4jGNeJ5IMiqE0P66/ZbiZIApVQmwlSLkMb2Xta4MZXcSU1Yls/CZy1fGDRhZxOdUWXKvA==",
      "requires": {
        "@nlpjs/core": "^4.22.7"
      }
    },
    "@nlpjs/lang-hi": {
      "version": "4.22.7",
      "resolved": "https://registry.npmjs.org/@nlpjs/lang-hi/-/lang-hi-4.22.7.tgz",
      "integrity": "sha512-NgOHNBLUKdyS1zcyV5HIImlQ7xC1F/72qCEJxW6TEjuhubfPTMGn+mxee1D9I/GvNRSf4YnMYtvzMc3RMPCubQ==",
      "requires": {
        "@nlpjs/core": "^4.22.7"
      }
    },
    "@nlpjs/lang-hu": {
      "version": "4.22.7",
      "resolved": "https://registry.npmjs.org/@nlpjs/lang-hu/-/lang-hu-4.22.7.tgz",
      "integrity": "sha512-2vKRA0iIQL3tWw0ilw1ksx38VUfCX52ELOx7eDvbC86ZE9DfalEON4EaWYNQaOMSCHdy/fyzJdWQgprCAifepQ==",
      "requires": {
        "@nlpjs/core": "^4.22.7"
      }
    },
    "@nlpjs/lang-hy": {
      "version": "4.22.7",
      "resolved": "https://registry.npmjs.org/@nlpjs/lang-hy/-/lang-hy-4.22.7.tgz",
      "integrity": "sha512-5bUWGG14wCuyyvqWd7PKEMR70XElCZK75GYGJGWQP8E1OwvCkHzwWrzUV/uzqa1Tp0Dy7mMuK+H55+taz1qLcQ==",
      "requires": {
        "@nlpjs/core": "^4.22.7"
      }
    },
    "@nlpjs/lang-id": {
      "version": "4.22.7",
      "resolved": "https://registry.npmjs.org/@nlpjs/lang-id/-/lang-id-4.22.7.tgz",
      "integrity": "sha512-Sd3TTwA2Il4T5Ifzz8HlM+XD+6p9NUp8OHjXx834jf9QuWco/PQbMQlnlYtNvEyI5WzlvOIdqp9eyVggfiu47w==",
      "requires": {
        "@nlpjs/core": "^4.22.7"
      }
    },
    "@nlpjs/lang-it": {
      "version": "4.22.7",
      "resolved": "https://registry.npmjs.org/@nlpjs/lang-it/-/lang-it-4.22.7.tgz",
      "integrity": "sha512-0EdrS+atEtH4NQv7Geko4tLU6aqhi7jwvHWjfi5kD4Q5onxkXyzEdlHdH+sQ2qE8sDvricbrtOnm2hSELxqbtw==",
      "requires": {
        "@nlpjs/core": "^4.22.7"
      }
    },
    "@nlpjs/lang-ja": {
      "version": "4.22.12",
      "resolved": "https://registry.npmjs.org/@nlpjs/lang-ja/-/lang-ja-4.22.12.tgz",
      "integrity": "sha512-3ByJ7re3hgj9fytijOd/EKhBHbreYqLIoAyQ23YiWTJDvLdCC/n45Ga/Uat1axqoJS3OThWJlXG3xgmdEkb9+A==",
      "requires": {
        "@nlpjs/core": "^4.22.7",
        "kuromoji": "^0.1.2"
      }
    },
    "@nlpjs/lang-ko": {
      "version": "4.22.7",
      "resolved": "https://registry.npmjs.org/@nlpjs/lang-ko/-/lang-ko-4.22.7.tgz",
      "integrity": "sha512-q3mpvoKLLqfiyMVp6ZomwLfgvEOcSD+ZXGV7aQjZaWzzNzZ0ccHUFgCxxJ8/efuyJM6+2j0UJOa9bYy/GGAETQ==",
      "requires": {
        "@nlpjs/core": "^4.22.7"
      }
    },
    "@nlpjs/lang-lt": {
      "version": "4.22.7",
      "resolved": "https://registry.npmjs.org/@nlpjs/lang-lt/-/lang-lt-4.22.7.tgz",
      "integrity": "sha512-F621Uq6DGFg3wVb3BhHlSTUUSYlE3k41qXBAQMM/XdU2mhr3mKnvKxfnnbWDUr5YSFHCV6RtJxh+BmKWae+TEw==",
      "requires": {
        "@nlpjs/core": "^4.22.7"
      }
    },
    "@nlpjs/lang-ms": {
      "version": "4.22.7",
      "resolved": "https://registry.npmjs.org/@nlpjs/lang-ms/-/lang-ms-4.22.7.tgz",
      "integrity": "sha512-W/KhiG4e8iqnf+rDl3Ekf7HT1g8ENhrt+RQ5e1cK3iOObjb5LPBUMxWxlH0Sw7opk68AxkN5cgGR1IP5JcjlvQ==",
      "requires": {
        "@nlpjs/core": "^4.22.7",
        "@nlpjs/lang-id": "^4.22.7"
      }
    },
    "@nlpjs/lang-ne": {
      "version": "4.22.7",
      "resolved": "https://registry.npmjs.org/@nlpjs/lang-ne/-/lang-ne-4.22.7.tgz",
      "integrity": "sha512-zRcF3qELwwxILFSQCHd7F8hl0Kr6TYuH3xgK/pVRS5VODNanntR7qL/fxSnk9a1vmLJZqe+e9XcfwqZbp7APMw==",
      "requires": {
        "@nlpjs/core": "^4.22.7"
      }
    },
    "@nlpjs/lang-nl": {
      "version": "4.22.7",
      "resolved": "https://registry.npmjs.org/@nlpjs/lang-nl/-/lang-nl-4.22.7.tgz",
      "integrity": "sha512-4Y2rwFw0bj+SMzGe4HuD4dcl7KLxd6wUK4ONaCWCsb43IK4sNv5f8iN0QO9AojK9ZVV0Fm1H09ylkOcb8mnZtg==",
      "requires": {
        "@nlpjs/core": "^4.22.7"
      }
    },
    "@nlpjs/lang-no": {
      "version": "4.22.7",
      "resolved": "https://registry.npmjs.org/@nlpjs/lang-no/-/lang-no-4.22.7.tgz",
      "integrity": "sha512-pQXcMDoWU6+MRjiXOH+NerLRtSzyVkv3ssFa2LKyVGlFf78wyHM1ktUcSPMZ299JMEUgEafU5NXFkms2ITkNsA==",
      "requires": {
        "@nlpjs/core": "^4.22.7"
      }
    },
    "@nlpjs/lang-pl": {
      "version": "4.22.7",
      "resolved": "https://registry.npmjs.org/@nlpjs/lang-pl/-/lang-pl-4.22.7.tgz",
      "integrity": "sha512-4qMzbppKPIdfZmz/Aor0zgxAyG/jYP/+E+kqo6LAkukNsSdgtqrU703XEoTb2xP/7P3L7FtrPlXyGJiRg+aP5g==",
      "requires": {
        "@nlpjs/core": "^4.22.7"
      }
    },
    "@nlpjs/lang-pt": {
      "version": "4.22.7",
      "resolved": "https://registry.npmjs.org/@nlpjs/lang-pt/-/lang-pt-4.22.7.tgz",
      "integrity": "sha512-54YvjSYQdRXEm/lVlBgQrIEHKBqGUpb9EhE0m47qDXaVEKgqCAWC9Gzi0lbYglVn2LWYuS34eciZ2WkPyakOjw==",
      "requires": {
        "@nlpjs/core": "^4.22.7"
      }
    },
    "@nlpjs/lang-ro": {
      "version": "4.22.7",
      "resolved": "https://registry.npmjs.org/@nlpjs/lang-ro/-/lang-ro-4.22.7.tgz",
      "integrity": "sha512-MnFjNNjP5RcIf6Y+jlEoxpiT/WR7Y99INoenG9uInNO+5zcWC8R2cMH0ya4rKQjxuILK2PgN3UYgHmAOaMTe2Q==",
      "requires": {
        "@nlpjs/core": "^4.22.7"
      }
    },
    "@nlpjs/lang-ru": {
      "version": "4.22.7",
      "resolved": "https://registry.npmjs.org/@nlpjs/lang-ru/-/lang-ru-4.22.7.tgz",
      "integrity": "sha512-zDZsRoJBWfy9KcR98kaKbd6Tzz3C8rN+PW7w80MjAGlXZ/E+s9G4lnIsu94ygOU22/r09eJRw0ssvxVX4dNdow==",
      "requires": {
        "@nlpjs/core": "^4.22.7"
      }
    },
    "@nlpjs/lang-sl": {
      "version": "4.22.7",
      "resolved": "https://registry.npmjs.org/@nlpjs/lang-sl/-/lang-sl-4.22.7.tgz",
      "integrity": "sha512-i/6qODPK1lkL+80vuwB4fikU/P2EKFjM4UtqbryNmsq9Xay/Moqnrr8V6JVIRhAb/yzYrUwlJ/MqhQCouh5BhA==",
      "requires": {
        "@nlpjs/core": "^4.22.7"
      }
    },
    "@nlpjs/lang-sr": {
      "version": "4.22.7",
      "resolved": "https://registry.npmjs.org/@nlpjs/lang-sr/-/lang-sr-4.22.7.tgz",
      "integrity": "sha512-+qr0DRZlO7DABg7Lh/kIN4X05ZPab5/HAZnGIJqfig5QCmCCjly5MLd5QhzTmHcwBB3ZNq+NhcC4ue8HvsWu8w==",
      "requires": {
        "@nlpjs/core": "^4.22.7"
      }
    },
    "@nlpjs/lang-sv": {
      "version": "4.22.7",
      "resolved": "https://registry.npmjs.org/@nlpjs/lang-sv/-/lang-sv-4.22.7.tgz",
      "integrity": "sha512-UUo+QKOHwUgSd6jVdjcWXuGqE78lHx2UwhOaIocgz1a5j2Gx+o6b/KKdUaf4SFu1+V41cOycptBmXBVg4yZF7A==",
      "requires": {
        "@nlpjs/core": "^4.22.7"
      }
    },
    "@nlpjs/lang-ta": {
      "version": "4.22.7",
      "resolved": "https://registry.npmjs.org/@nlpjs/lang-ta/-/lang-ta-4.22.7.tgz",
      "integrity": "sha512-25D7dCFfE+O1LqPcHS0vJGOCnKe0PR1kKn5MqcBKy0TjzkalXifxyF5YspdCoPkGfyc3V7/2piCSIVWRZtJbpw==",
      "requires": {
        "@nlpjs/core": "^4.22.7"
      }
    },
    "@nlpjs/lang-th": {
      "version": "4.22.7",
      "resolved": "https://registry.npmjs.org/@nlpjs/lang-th/-/lang-th-4.22.7.tgz",
      "integrity": "sha512-kQFQn+urftoIR3wLwT3bNlFlpf9/Pa0aFL3aDz+ACBAzgZktvFYaB/NImU4xTywPooew44+iVmXiqOkDtzpPPg==",
      "requires": {
        "@nlpjs/core": "^4.22.7"
      }
    },
    "@nlpjs/lang-tl": {
      "version": "4.22.7",
      "resolved": "https://registry.npmjs.org/@nlpjs/lang-tl/-/lang-tl-4.22.7.tgz",
      "integrity": "sha512-dhsNRUTENQ1Apzh6m2p3Nk6OnAIfTFDunCPm+wjSV3Z9wxydstcq1ybJvKyqJKmiY1k408lAu9u7JilI+7b6Jw==",
      "requires": {
        "@nlpjs/core": "^4.22.7"
      }
    },
    "@nlpjs/lang-tr": {
      "version": "4.22.7",
      "resolved": "https://registry.npmjs.org/@nlpjs/lang-tr/-/lang-tr-4.22.7.tgz",
      "integrity": "sha512-2EDgbIbOnTzcc0FbtkB/fVpNV+EEr93nl0BqFT6h5jgwNGiYSKN/kbL6Rbj40XqBv2yIELrI/97iqnlm6VT60Q==",
      "requires": {
        "@nlpjs/core": "^4.22.7"
      }
    },
    "@nlpjs/lang-uk": {
      "version": "4.22.7",
      "resolved": "https://registry.npmjs.org/@nlpjs/lang-uk/-/lang-uk-4.22.7.tgz",
      "integrity": "sha512-+1KlvUa/ZjZx/PSNw7BWZobci1mZoy4q0FoQEt0ZbtW8fSJlqV5ShQCtnmvlYQCOi6gYuIl9AmlCMsQZ0JRoBA==",
      "requires": {
        "@nlpjs/core": "^4.22.7"
      }
    },
    "@nlpjs/lang-zh": {
      "version": "4.22.7",
      "resolved": "https://registry.npmjs.org/@nlpjs/lang-zh/-/lang-zh-4.22.7.tgz",
      "integrity": "sha512-aaYJurU5owbsUB4VlfCfGr6qS6HTqXUwvSaDxMnNi8uQmeLBIpnuXcEgMoVofq1amRqSuwA6Twez4KITBsO6lA==",
      "requires": {
        "@nlpjs/core": "^4.22.7"
      }
    },
    "@nlpjs/language": {
      "version": "4.22.7",
      "resolved": "https://registry.npmjs.org/@nlpjs/language/-/language-4.22.7.tgz",
      "integrity": "sha512-oz5PrPwsIharMGRKZbcIkDtOko5tvynK/s765Wu7fgRHaILXT0ZoqNR/kNeo9BQCsTLV0GvFJreQ/UFy1XGZew=="
    },
    "@nlpjs/language-min": {
      "version": "4.22.7",
      "resolved": "https://registry.npmjs.org/@nlpjs/language-min/-/language-min-4.22.7.tgz",
      "integrity": "sha512-kmA9u6onlMP1sdBS8Q7yJcFPLhDgrT0q9jSovVAW+WjZN3UmkMNsrgV35q1LWnbonTKnvb/NjdaN4VnT/+nuQw=="
    },
    "@nlpjs/ner": {
      "version": "4.22.9",
      "resolved": "https://registry.npmjs.org/@nlpjs/ner/-/ner-4.22.9.tgz",
      "integrity": "sha512-6hQz87W6/EJ7pL4AiJ9oPuvx5OophStGZfb/K+MlGj3Op7abAlJvdo09Ptcvb6MY4cj1yW8tAhaHvYqKtn5S3g==",
      "requires": {
        "@nlpjs/core": "^4.22.7",
        "@nlpjs/language-min": "^4.22.7",
        "@nlpjs/similarity": "^4.22.7"
      }
    },
    "@nlpjs/neural": {
      "version": "4.22.7",
      "resolved": "https://registry.npmjs.org/@nlpjs/neural/-/neural-4.22.7.tgz",
      "integrity": "sha512-sMWbuaEX5n7fuC8B8o5ueKZewA5Fu4JerBNcUzv3N5F7+SV59RFbZmDFfE+gXoF4/wwmkuZCRMV1arEut0vjoA=="
    },
    "@nlpjs/nlg": {
      "version": "4.22.7",
      "resolved": "https://registry.npmjs.org/@nlpjs/nlg/-/nlg-4.22.7.tgz",
      "integrity": "sha512-RFgJMhvDq4cax7cK4WWQ1gZAiRT8m0GOQ8+/Cg6WIwglYuhgWt22uNsI5dzESpuZcZRkdxfhxMHQTFV12CovZg==",
      "requires": {
        "@nlpjs/core": "^4.22.7"
      }
    },
    "@nlpjs/nlp": {
      "version": "4.22.17",
      "resolved": "https://registry.npmjs.org/@nlpjs/nlp/-/nlp-4.22.17.tgz",
      "integrity": "sha512-IGFcjv4mzUAtnzznzRlBHJIrissYsn89VxowOJkEN3sSSPYtMaoUIP0Yo1XW84vKoosYa28yOzG9nTdxsN5Csw==",
      "requires": {
        "@nlpjs/core": "^4.22.7",
        "@nlpjs/ner": "^4.22.9",
        "@nlpjs/nlg": "^4.22.7",
        "@nlpjs/nlu": "^4.22.7",
        "@nlpjs/sentiment": "^4.22.7",
        "@nlpjs/slot": "^4.22.17"
      }
    },
    "@nlpjs/nlu": {
      "version": "4.22.7",
      "resolved": "https://registry.npmjs.org/@nlpjs/nlu/-/nlu-4.22.7.tgz",
      "integrity": "sha512-XFEjho3Yyqone+Z+3oEq0HKFSTsRnFLNDIcH21V1e4A9rzCGT9GRyLMuf9I1Evk3lOBEhFhj1UDGXRlu6OzRKg==",
      "requires": {
        "@nlpjs/core": "^4.22.7",
        "@nlpjs/language-min": "^4.22.7",
        "@nlpjs/neural": "^4.22.7",
        "@nlpjs/similarity": "^4.22.7"
      }
    },
    "@nlpjs/request": {
      "version": "4.22.7",
      "resolved": "https://registry.npmjs.org/@nlpjs/request/-/request-4.22.7.tgz",
      "integrity": "sha512-NvJsB8YjqsMM7JVILNwzRELV/lCyh8bMgXadl1kvXwXKgtmlplgJ095hKKzjkooMl+jemUtM5l/kqvaXGUi09w==",
      "requires": {
        "http-proxy-agent": "^5.0.0",
        "https-proxy-agent": "^5.0.0"
      }
    },
    "@nlpjs/sentiment": {
      "version": "4.22.7",
      "resolved": "https://registry.npmjs.org/@nlpjs/sentiment/-/sentiment-4.22.7.tgz",
      "integrity": "sha512-fUWwz+dZ+79p4CVhSE579DoSRzvMHRTkiWKxddZu11B63ae38EdY/heHArMUFCG0dZ190svlnw9f5l2D2Ei+MA==",
      "requires": {
        "@nlpjs/core": "^4.22.7",
        "@nlpjs/language-min": "^4.22.7",
        "@nlpjs/neural": "^4.22.7"
      }
    },
    "@nlpjs/similarity": {
      "version": "4.22.7",
      "resolved": "https://registry.npmjs.org/@nlpjs/similarity/-/similarity-4.22.7.tgz",
      "integrity": "sha512-iWbZz6Yf0sXIiFi2jtdpsCLkOQsXFxT1YME4GysMtJxKiN/Cu4AhXugEiixhacPIPQb8lfouR0dQtSnx+9kW2A=="
    },
    "@nlpjs/slot": {
      "version": "4.22.17",
      "resolved": "https://registry.npmjs.org/@nlpjs/slot/-/slot-4.22.17.tgz",
      "integrity": "sha512-cNYcxf9DKB+fnRa2NxT5wbWq5j57R1WCTXLWI/1Cyycr227IP7GN7qaD4RbkzotBFFB8wm63UHod9frzmuiXxg=="
    },
    "@nlpjs/xtables": {
      "version": "4.22.18",
      "resolved": "https://registry.npmjs.org/@nlpjs/xtables/-/xtables-4.22.18.tgz",
      "integrity": "sha512-01lZVkjhlGetvbKKZkECJsoMcHCy9tyUTBsLfB0oAQUqq1Qi49YEqGbFbzNXrMl9lXk66/hh3LJu2mNVwgVp0g==",
      "requires": {
        "xlsx": "^0.18.0"
      }
    },
    "@tootallnate/once": {
      "version": "2.0.0",
      "resolved": "https://registry.npmjs.org/@tootallnate/once/-/once-2.0.0.tgz",
      "integrity": "sha512-XCuKFP5PS55gnMVu3dty8KPatLqUoy/ZYzDzAGCQ8JNFCkLXzmI7vNHCR+XpbZaMWQK/vQubr7PkYq8g470J/A=="
    },
    "adler-32": {
      "version": "1.3.0",
      "resolved": "https://registry.npmjs.org/adler-32/-/adler-32-1.3.0.tgz",
      "integrity": "sha512-f5nltvjl+PRUh6YNfUstRaXwJxtfnKEWhAWWlmKvh+Y3J2+98a0KKVYDEhz6NdKGqswLhjNGznxfSsZGOvOd9g==",
      "requires": {
        "printj": "~1.2.2"
      }
    },
    "agent-base": {
      "version": "6.0.2",
      "resolved": "https://registry.npmjs.org/agent-base/-/agent-base-6.0.2.tgz",
      "integrity": "sha512-RZNwNclF7+MS/8bDg70amg32dyeZGZxiDuQmZxKLAlQjr3jGyLx+4Kkk58UO7D2QdgFIQCovuSuZESne6RG6XQ==",
      "requires": {
        "debug": "4"
      }
    },
    "async": {
      "version": "2.6.3",
      "resolved": "https://registry.npmjs.org/async/-/async-2.6.3.tgz",
      "integrity": "sha512-zflvls11DCy+dQWzTW2dzuilv8Z5X/pjfmZOWba6TNIVDm+2UDaJmXSOXlasHKfNBs8oo3M0aT50fDEWfKZjXg==",
      "requires": {
        "lodash": "^4.17.14"
      }
    },
    "bignumber.js": {
      "version": "7.2.1",
      "resolved": "https://registry.npmjs.org/bignumber.js/-/bignumber.js-7.2.1.tgz",
      "integrity": "sha512-S4XzBk5sMB+Rcb/LNcpzXr57VRTxgAvaAEDAl1AwRx27j00hT84O6OkteE7u8UB3NuaaygCRrEpqox4uDOrbdQ=="
    },
    "cfb": {
      "version": "1.2.1",
      "resolved": "https://registry.npmjs.org/cfb/-/cfb-1.2.1.tgz",
      "integrity": "sha512-wT2ScPAFGSVy7CY+aauMezZBnNrfnaLSrxHUHdea+Td/86vrk6ZquggV+ssBR88zNs0OnBkL2+lf9q0K+zVGzQ==",
      "requires": {
        "adler-32": "~1.3.0",
        "crc-32": "~1.2.0",
        "printj": "~1.3.0"
      },
      "dependencies": {
        "printj": {
          "version": "1.3.1",
          "resolved": "https://registry.npmjs.org/printj/-/printj-1.3.1.tgz",
          "integrity": "sha512-GA3TdL8szPK4AQ2YnOe/b+Y1jUFwmmGMMK/qbY7VcE3Z7FU8JstbKiKRzO6CIiAKPhTO8m01NoQ0V5f3jc4OGg=="
        }
      }
    },
    "codepage": {
      "version": "1.15.0",
      "resolved": "https://registry.npmjs.org/codepage/-/codepage-1.15.0.tgz",
      "integrity": "sha512-3g6NUTPd/YtuuGrhMnOMRjFc+LJw/bnMp3+0r/Wcz3IXUuCosKRJvMphm5+Q+bvTVGcJJuRvVLuYba+WojaFaA=="
    },
    "crc-32": {
      "version": "1.2.1",
      "resolved": "https://registry.npmjs.org/crc-32/-/crc-32-1.2.1.tgz",
      "integrity": "sha512-Dn/xm/1vFFgs3nfrpEVScHoIslO9NZRITWGz/1E/St6u4xw99vfZzVkW0OSnzx2h9egej9xwMCEut6sqwokM/w==",
      "requires": {
        "exit-on-epipe": "~1.0.1",
        "printj": "~1.3.1"
      },
      "dependencies": {
        "printj": {
          "version": "1.3.1",
          "resolved": "https://registry.npmjs.org/printj/-/printj-1.3.1.tgz",
          "integrity": "sha512-GA3TdL8szPK4AQ2YnOe/b+Y1jUFwmmGMMK/qbY7VcE3Z7FU8JstbKiKRzO6CIiAKPhTO8m01NoQ0V5f3jc4OGg=="
        }
      }
    },
    "debug": {
      "version": "4.3.3",
      "resolved": "https://registry.npmjs.org/debug/-/debug-4.3.3.tgz",
      "integrity": "sha512-/zxw5+vh1Tfv+4Qn7a5nsbcJKPaSvCDhojn6FEl9vupwK2VCSDtEiEtqr8DFtzYFOdz63LBkxec7DYuc2jon6Q==",
      "requires": {
        "ms": "2.1.2"
      }
    },
    "deep-is": {
      "version": "0.1.4",
      "resolved": "https://registry.npmjs.org/deep-is/-/deep-is-0.1.4.tgz",
      "integrity": "sha512-oIPzksmTg4/MriiaYGO+okXDT7ztn/w3Eptv/+gSIdMdKsJo0u4CfYNFJPy+4SKMuCqGw2wxnA+URMg3t8a/bQ=="
    },
    "doublearray": {
      "version": "0.0.2",
      "resolved": "https://registry.npmjs.org/doublearray/-/doublearray-0.0.2.tgz",
      "integrity": "sha1-Yxhv6NNEEydtNiH2qg7F954ifvk="
    },
    "escodegen": {
      "version": "2.0.0",
      "resolved": "https://registry.npmjs.org/escodegen/-/escodegen-2.0.0.tgz",
      "integrity": "sha512-mmHKys/C8BFUGI+MAWNcSYoORYLMdPzjrknd2Vc+bUsjN5bXcr8EhrNB+UTqfL1y3I9c4fw2ihgtMPQLBRiQxw==",
      "requires": {
        "esprima": "^4.0.1",
        "estraverse": "^5.2.0",
        "esutils": "^2.0.2",
        "optionator": "^0.8.1",
        "source-map": "~0.6.1"
      }
    },
    "esprima": {
      "version": "4.0.1",
      "resolved": "https://registry.npmjs.org/esprima/-/esprima-4.0.1.tgz",
      "integrity": "sha512-eGuFFw7Upda+g4p+QHvnW0RyTX/SVeJBDM/gCtMARO0cLuT2HcEKnTPvhjV6aGeqrCB/sbNop0Kszm0jsaWU4A=="
    },
    "estraverse": {
      "version": "5.3.0",
      "resolved": "https://registry.npmjs.org/estraverse/-/estraverse-5.3.0.tgz",
      "integrity": "sha512-MMdARuVEQziNTeJD8DgMqmhwR11BRQ/cBP+pLtYdSTnf3MIO8fFeiINEbX36ZdNlfU/7A9f3gUw49B3oQsvwBA=="
    },
    "esutils": {
      "version": "2.0.3",
      "resolved": "https://registry.npmjs.org/esutils/-/esutils-2.0.3.tgz",
      "integrity": "sha512-kVscqXk4OCp68SZ0dkgEKVi6/8ij300KBWTJq32P/dYeWTSwK41WyTxalN1eRmA5Z9UU/LX9D7FWSmV9SAYx6g=="
    },
    "exit-on-epipe": {
      "version": "1.0.1",
      "resolved": "https://registry.npmjs.org/exit-on-epipe/-/exit-on-epipe-1.0.1.tgz",
      "integrity": "sha512-h2z5mrROTxce56S+pnvAV890uu7ls7f1kEvVGJbw1OlFH3/mlJ5bkXu0KRyW94v37zzHPiUd55iLn3DA7TjWpw=="
    },
    "fast-levenshtein": {
      "version": "2.0.6",
      "resolved": "https://registry.npmjs.org/fast-levenshtein/-/fast-levenshtein-2.0.6.tgz",
      "integrity": "sha1-PYpcZog6FqMMqGQ+hR8Zuqd5eRc="
    },
    "frac": {
      "version": "1.1.2",
      "resolved": "https://registry.npmjs.org/frac/-/frac-1.1.2.tgz",
      "integrity": "sha512-w/XBfkibaTl3YDqASwfDUqkna4Z2p9cFSr1aHDt0WoMTECnRfBOv2WArlZILlqgWlmdIlALXGpM2AOhEk5W3IA=="
    },
    "grapheme-splitter": {
      "version": "1.0.4",
      "resolved": "https://registry.npmjs.org/grapheme-splitter/-/grapheme-splitter-1.0.4.tgz",
      "integrity": "sha512-bzh50DW9kTPM00T8y4o8vQg89Di9oLJVLW/KaOGIXJWP/iqCN6WKYkbNOF04vFLJhwcpYUh9ydh/+5vpOqV4YQ=="
    },
    "http-proxy-agent": {
      "version": "5.0.0",
      "resolved": "https://registry.npmjs.org/http-proxy-agent/-/http-proxy-agent-5.0.0.tgz",
      "integrity": "sha512-n2hY8YdoRE1i7r6M0w9DIw5GgZN0G25P8zLCRQ8rjXtTU3vsNFBI/vWK/UIeE6g5MUUz6avwAPXmL6Fy9D/90w==",
      "requires": {
        "@tootallnate/once": "2",
        "agent-base": "6",
        "debug": "4"
      }
    },
    "https-proxy-agent": {
      "version": "5.0.0",
      "resolved": "https://registry.npmjs.org/https-proxy-agent/-/https-proxy-agent-5.0.0.tgz",
      "integrity": "sha512-EkYm5BcKUGiduxzSt3Eppko+PiNWNEpa4ySk9vTC6wDsQJW9rHSa+UhGNJoRYp7bz6Ht1eaRIa6QaJqO5rCFbA==",
      "requires": {
        "agent-base": "6",
        "debug": "4"
      }
    },
    "kuromoji": {
      "version": "0.1.2",
      "resolved": "https://registry.npmjs.org/kuromoji/-/kuromoji-0.1.2.tgz",
      "integrity": "sha512-V0dUf+C2LpcPEXhoHLMAop/bOht16Dyr+mDiIE39yX3vqau7p80De/koFqpiTcL1zzdZlc3xuHZ8u5gjYRfFaQ==",
      "requires": {
        "async": "^2.0.1",
        "doublearray": "0.0.2",
        "zlibjs": "^0.3.1"
      }
    },
    "levn": {
      "version": "0.3.0",
      "resolved": "https://registry.npmjs.org/levn/-/levn-0.3.0.tgz",
      "integrity": "sha1-OwmSTt+fCDwEkP3UwLxEIeBHZO4=",
      "requires": {
        "prelude-ls": "~1.1.2",
        "type-check": "~0.3.2"
      }
    },
    "lodash": {
      "version": "4.17.21",
      "resolved": "https://registry.npmjs.org/lodash/-/lodash-4.17.21.tgz",
      "integrity": "sha512-v2kDEe57lecTulaDIuNTPy3Ry4gLGJ6Z1O3vE1krgXZNrsQ+LFTGHVxVjcXPs17LhbZVGedAJv8XZ1tvj5FvSg=="
    },
    "lodash.escaperegexp": {
      "version": "4.1.2",
      "resolved": "https://registry.npmjs.org/lodash.escaperegexp/-/lodash.escaperegexp-4.1.2.tgz",
      "integrity": "sha1-ZHYsSGGAglGKw99Mz11YhtriA0c="
    },
    "lodash.isequal": {
      "version": "4.5.0",
      "resolved": "https://registry.npmjs.org/lodash.isequal/-/lodash.isequal-4.5.0.tgz",
      "integrity": "sha1-QVxEePK8wwEgwizhDtMib30+GOA="
    },
    "lodash.last": {
      "version": "3.0.0",
      "resolved": "https://registry.npmjs.org/lodash.last/-/lodash.last-3.0.0.tgz",
      "integrity": "sha1-JC9mMRLdTG5jcoxgo8kJ0b2tvUw="
    },
    "lodash.max": {
      "version": "4.0.1",
      "resolved": "https://registry.npmjs.org/lodash.max/-/lodash.max-4.0.1.tgz",
      "integrity": "sha1-hzVWbGGLNan3YFILSHrnllivE2o="
    },
    "lodash.sortby": {
      "version": "4.7.0",
      "resolved": "https://registry.npmjs.org/lodash.sortby/-/lodash.sortby-4.7.0.tgz",
      "integrity": "sha1-7dFMgk4sycHgsKG0K7UhBRakJDg="
    },
    "lodash.tonumber": {
      "version": "4.0.3",
      "resolved": "https://registry.npmjs.org/lodash.tonumber/-/lodash.tonumber-4.0.3.tgz",
      "integrity": "sha1-C5azGzVnJ5Prf1pj7nkfG56QJdk="
    },
    "lodash.trimend": {
      "version": "4.5.1",
      "resolved": "https://registry.npmjs.org/lodash.trimend/-/lodash.trimend-4.5.1.tgz",
      "integrity": "sha1-EoBENyhrmMrYmWt5QU4RMAEUCC8="
    },
    "ms": {
      "version": "2.1.2",
      "resolved": "https://registry.npmjs.org/ms/-/ms-2.1.2.tgz",
      "integrity": "sha512-sGkPx+VjMtmA6MX27oA4FBFELFCZZ4S4XqeGOXCv68tT+jb3vk/RyaKWP0PTKyWtmLSM0b+adUTEvbs1PEaH2w=="
    },
    "node-nlp": {
      "version": "4.22.18",
      "resolved": "https://registry.npmjs.org/node-nlp/-/node-nlp-4.22.18.tgz",
      "integrity": "sha512-QrYTLZ2OR2qNZztDmfWF0zP5xzSAVbHMoDGnAVz3LnAdingiY4A7CoWSKLeitKH7LhWE7BVW3vXM73PlQcICJA==",
      "requires": {
        "@nlpjs/builtin-duckling": "^4.22.7",
        "@nlpjs/builtin-microsoft": "^4.22.7",
        "@nlpjs/core-loader": "^4.22.7",
        "@nlpjs/emoji": "^4.22.7",
        "@nlpjs/evaluator": "^4.22.7",
        "@nlpjs/lang-all": "^4.22.12",
        "@nlpjs/language": "^4.22.7",
        "@nlpjs/neural": "^4.22.7",
        "@nlpjs/nlg": "^4.22.7",
        "@nlpjs/nlp": "^4.22.17",
        "@nlpjs/nlu": "^4.22.7",
        "@nlpjs/request": "^4.22.7",
        "@nlpjs/sentiment": "^4.22.7",
        "@nlpjs/similarity": "^4.22.7",
        "@nlpjs/xtables": "^4.22.18"
      }
    },
    "optionator": {
      "version": "0.8.3",
      "resolved": "https://registry.npmjs.org/optionator/-/optionator-0.8.3.tgz",
      "integrity": "sha512-+IW9pACdk3XWmmTXG8m3upGUJst5XRGzxMRjXzAuJ1XnIFNvfhjjIuYkDvysnPQ7qzqVzLt78BCruntqRhWQbA==",
      "requires": {
        "deep-is": "~0.1.3",
        "fast-levenshtein": "~2.0.6",
        "levn": "~0.3.0",
        "prelude-ls": "~1.1.2",
        "type-check": "~0.3.2",
        "word-wrap": "~1.2.3"
      }
    },
    "prelude-ls": {
      "version": "1.1.2",
      "resolved": "https://registry.npmjs.org/prelude-ls/-/prelude-ls-1.1.2.tgz",
      "integrity": "sha1-IZMqVJ9eUv/ZqCf1cOBL5iqX2lQ="
    },
    "printj": {
      "version": "1.2.3",
      "resolved": "https://registry.npmjs.org/printj/-/printj-1.2.3.tgz",
      "integrity": "sha512-sanczS6xOJOg7IKDvi4sGOUOe7c1tsEzjwlLFH/zgwx/uyImVM9/rgBkc8AfiQa/Vg54nRd8mkm9yI7WV/O+WA=="
    },
    "source-map": {
      "version": "0.6.1",
      "resolved": "https://registry.npmjs.org/source-map/-/source-map-0.6.1.tgz",
      "integrity": "sha512-UjgapumWlbMhkBgzT7Ykc5YXUT46F0iKu8SGXq0bcwP5dz/h0Plj6enJqjz1Zbq2l5WaqYnrVbwWOWMyF3F47g==",
      "optional": true
    },
    "ssf": {
      "version": "0.11.2",
      "resolved": "https://registry.npmjs.org/ssf/-/ssf-0.11.2.tgz",
      "integrity": "sha512-+idbmIXoYET47hH+d7dfm2epdOMUDjqcB4648sTZ+t2JwoyBFL/insLfB/racrDmsKB3diwsDA696pZMieAC5g==",
      "requires": {
        "frac": "~1.1.2"
      }
    },
    "type-check": {
      "version": "0.3.2",
      "resolved": "https://registry.npmjs.org/type-check/-/type-check-0.3.2.tgz",
      "integrity": "sha1-WITKtRLPHTVeP7eE8wgEsrUg23I=",
      "requires": {
        "prelude-ls": "~1.1.2"
      }
    },
    "wmf": {
      "version": "1.0.2",
      "resolved": "https://registry.npmjs.org/wmf/-/wmf-1.0.2.tgz",
      "integrity": "sha512-/p9K7bEh0Dj6WbXg4JG0xvLQmIadrner1bi45VMJTfnbVHsc7yIajZyoSoK60/dtVBs12Fm6WkUI5/3WAVsNMw=="
    },
    "word": {
      "version": "0.3.0",
      "resolved": "https://registry.npmjs.org/word/-/word-0.3.0.tgz",
      "integrity": "sha512-OELeY0Q61OXpdUfTp+oweA/vtLVg5VDOXh+3he3PNzLGG/y0oylSOC1xRVj0+l4vQ3tj/bB1HVHv1ocXkQceFA=="
    },
    "word-wrap": {
      "version": "1.2.3",
      "resolved": "https://registry.npmjs.org/word-wrap/-/word-wrap-1.2.3.tgz",
      "integrity": "sha512-Hz/mrNwitNRh/HUAtM/VT/5VH+ygD6DV7mYKZAtHOrbs8U7lvPS6xf7EJKMF0uW1KJCl0H701g3ZGus+muE5vQ=="
    },
    "xlsx": {
      "version": "0.18.0",
      "resolved": "https://registry.npmjs.org/xlsx/-/xlsx-0.18.0.tgz",
      "integrity": "sha512-zQluErfRAr7ga2me77sIlDoljSrPCXnrNaiKo2+YFLtGkd0aW0Z9zfARVgNn9nytYBhsEjf6A+H5TogTeddscg==",
      "requires": {
        "adler-32": "~1.3.0",
        "cfb": "^1.1.4",
        "codepage": "~1.15.0",
        "crc-32": "~1.2.1",
        "ssf": "~0.11.2",
        "wmf": "~1.0.1",
        "word": "~0.3.0"
      }
    },
    "zlibjs": {
      "version": "0.3.1",
      "resolved": "https://registry.npmjs.org/zlibjs/-/zlibjs-0.3.1.tgz",
      "integrity": "sha1-UBl+2yihxCymWcyLTmqd3W1ERVQ="
    }
  }
}
